
Microsoft Visual Studio Solution File, Format Version 12.00
# Visual Studio 2013
VisualStudioVersion = 12.0.40629.0
MinimumVisualStudioVersion = 10.0.40219.1
Project("{2150E333-8FDC-42A3-9474-1A3956D46DE8}") = "Solution Items", "Solution Items", "{EA4B6627-C89F-4E59-94B8-A6993D8C5833}"
	ProjectSection(SolutionItems) = preProject
		application_developer.md = application_developer.md
		middleware_developer.md = middleware_developer.md
		NuGet\Owin.Framework.ConfigurationManager.nuspec = NuGet\Owin.Framework.ConfigurationManager.nuspec
		NuGet\Owin.Framework.Mocks.nuspec = NuGet\Owin.Framework.Mocks.nuspec
		NuGet\Owin.Framework.nuspec = NuGet\Owin.Framework.nuspec
		NuGet\Owin.Framework.Urchin.nuspec = NuGet\Owin.Framework.Urchin.nuspec
		NuGet\Package.cmd = NuGet\Package.cmd
		readme.md = readme.md
		SharedVersionInfo.cs = SharedVersionInfo.cs
	EndProjectSection
EndProject
Project("{FAE04EC0-301F-11D3-BF4B-00C04F79EFBC}") = "ExampleUsage", "ExampleUsage\ExampleUsage.csproj", "{867FAE76-83F6-463A-A9AE-5CD079BB7832}"
EndProject
Project("{FAE04EC0-301F-11D3-BF4B-00C04F79EFBC}") = "UnitTests", "OwinFramework.UnitTests\UnitTests.csproj", "{065E7C5F-8BFA-49DD-A5DE-33D1C08FBF3D}"
EndProject
Project("{FAE04EC0-301F-11D3-BF4B-00C04F79EFBC}") = "OwinFramework.Configuration.ConfigurationManager", "OwinFramework.Configuration.ConfigurationManager\OwinFramework.Configuration.ConfigurationManager.csproj", "{07C0DFD7-C18B-45F6-AA3B-4B62CAE2FD3F}"
EndProject
Project("{FAE04EC0-301F-11D3-BF4B-00C04F79EFBC}") = "OwinFramework.Configuration.Urchin.Net45", "OwinFramework.Configuration.Urchin\OwinFramework.Configuration.Urchin.Net45.csproj", "{271C0BF8-A359-43F6-8780-725D2E25A0A8}"
EndProject
Project("{FAE04EC0-301F-11D3-BF4B-00C04F79EFBC}") = "OwinFramework.Configuration.Urchin.Net40", "OwinFramework.Configuration.Urchin\OwinFramework.Configuration.Urchin.Net40.csproj", "{FA5541E8-8762-4B7F-94FD-44E88C5FBF77}"
EndProject
Project("{FAE04EC0-301F-11D3-BF4B-00C04F79EFBC}") = "OwinFramework.Net40", "OwinFramework\OwinFramework.Net40.csproj", "{E51DC357-1B49-48E7-9FCA-B3A4061D94CC}"
EndProject
Project("{FAE04EC0-301F-11D3-BF4B-00C04F79EFBC}") = "OwinFramework.Net45", "OwinFramework\OwinFramework.Net45.csproj", "{16EAC894-EC45-4BC7-9EF9-D36E4C27EC44}"
EndProject
Project("{FAE04EC0-301F-11D3-BF4B-00C04F79EFBC}") = "OwinFramework.Mocks.Net45", "OwinFramework.Mocks\OwinFramework.Mocks.Net45.csproj", "{72C036C8-7F39-4311-9033-32E6AC38034D}"
EndProject
Project("{FAE04EC0-301F-11D3-BF4B-00C04F79EFBC}") = "OwinFramework.Mocks.Net40", "OwinFramework.Mocks\OwinFramework.Mocks.Net40.csproj", "{08BE0734-6C33-4874-B904-FCBD644D435D}"
EndProject
Global
	GlobalSection(SolutionConfigurationPlatforms) = preSolution
		Debug|Any CPU = Debug|Any CPU
		Release|Any CPU = Release|Any CPU
	EndGlobalSection
	GlobalSection(ProjectConfigurationPlatforms) = postSolution
		{867FAE76-83F6-463A-A9AE-5CD079BB7832}.Debug|Any CPU.ActiveCfg = Debug|Any CPU
		{867FAE76-83F6-463A-A9AE-5CD079BB7832}.Debug|Any CPU.Build.0 = Debug|Any CPU
		{867FAE76-83F6-463A-A9AE-5CD079BB7832}.Release|Any CPU.ActiveCfg = Release|Any CPU
		{867FAE76-83F6-463A-A9AE-5CD079BB7832}.Release|Any CPU.Build.0 = Release|Any CPU
		{065E7C5F-8BFA-49DD-A5DE-33D1C08FBF3D}.Debug|Any CPU.ActiveCfg = Debug|Any CPU
		{065E7C5F-8BFA-49DD-A5DE-33D1C08FBF3D}.Debug|Any CPU.Build.0 = Debug|Any CPU
		{065E7C5F-8BFA-49DD-A5DE-33D1C08FBF3D}.Release|Any CPU.ActiveCfg = Release|Any CPU
		{065E7C5F-8BFA-49DD-A5DE-33D1C08FBF3D}.Release|Any CPU.Build.0 = Release|Any CPU
		{07C0DFD7-C18B-45F6-AA3B-4B62CAE2FD3F}.Debug|Any CPU.ActiveCfg = Debug|Any CPU
		{07C0DFD7-C18B-45F6-AA3B-4B62CAE2FD3F}.Debug|Any CPU.Build.0 = Debug|Any CPU
		{07C0DFD7-C18B-45F6-AA3B-4B62CAE2FD3F}.Release|Any CPU.ActiveCfg = Release|Any CPU
		{07C0DFD7-C18B-45F6-AA3B-4B62CAE2FD3F}.Release|Any CPU.Build.0 = Release|Any CPU
		{271C0BF8-A359-43F6-8780-725D2E25A0A8}.Debug|Any CPU.ActiveCfg = Debug|Any CPU
		{271C0BF8-A359-43F6-8780-725D2E25A0A8}.Debug|Any CPU.Build.0 = Debug|Any CPU
		{271C0BF8-A359-43F6-8780-725D2E25A0A8}.Release|Any CPU.ActiveCfg = Release|Any CPU
		{271C0BF8-A359-43F6-8780-725D2E25A0A8}.Release|Any CPU.Build.0 = Release|Any CPU
		{FA5541E8-8762-4B7F-94FD-44E88C5FBF77}.Debug|Any CPU.ActiveCfg = Debug|Any CPU
		{FA5541E8-8762-4B7F-94FD-44E88C5FBF77}.Debug|Any CPU.Build.0 = Debug|Any CPU
		{FA5541E8-8762-4B7F-94FD-44E88C5FBF77}.Release|Any CPU.ActiveCfg = Release|Any CPU
		{FA5541E8-8762-4B7F-94FD-44E88C5FBF77}.Release|Any CPU.Build.0 = Release|Any CPU
		{E51DC357-1B49-48E7-9FCA-B3A4061D94CC}.Debug|Any CPU.ActiveCfg = Debug|Any CPU
		{E51DC357-1B49-48E7-9FCA-B3A4061D94CC}.Debug|Any CPU.Build.0 = Debug|Any CPU
		{E51DC357-1B49-48E7-9FCA-B3A4061D94CC}.Release|Any CPU.ActiveCfg = Release|Any CPU
		{E51DC357-1B49-48E7-9FCA-B3A4061D94CC}.Release|Any CPU.Build.0 = Release|Any CPU
		{16EAC894-EC45-4BC7-9EF9-D36E4C27EC44}.Debug|Any CPU.ActiveCfg = Debug|Any CPU
		{16EAC894-EC45-4BC7-9EF9-D36E4C27EC44}.Debug|Any CPU.Build.0 = Debug|Any CPU
		{16EAC894-EC45-4BC7-9EF9-D36E4C27EC44}.Release|Any CPU.ActiveCfg = Release|Any CPU
		{16EAC894-EC45-4BC7-9EF9-D36E4C27EC44}.Release|Any CPU.Build.0 = Release|Any CPU
		{72C036C8-7F39-4311-9033-32E6AC38034D}.Debug|Any CPU.ActiveCfg = Debug|Any CPU
		{72C036C8-7F39-4311-9033-32E6AC38034D}.Debug|Any CPU.Build.0 = Debug|Any CPU
		{72C036C8-7F39-4311-9033-32E6AC38034D}.Release|Any CPU.ActiveCfg = Release|Any CPU
		{72C036C8-7F39-4311-9033-32E6AC38034D}.Release|Any CPU.Build.0 = Release|Any CPU
		{08BE0734-6C33-4874-B904-FCBD644D435D}.Debug|Any CPU.ActiveCfg = Debug|Any CPU
		{08BE0734-6C33-4874-B904-FCBD644D435D}.Debug|Any CPU.Build.0 = Debug|Any CPU
		{08BE0734-6C33-4874-B904-FCBD644D435D}.Release|Any CPU.ActiveCfg = Release|Any CPU
		{08BE0734-6C33-4874-B904-FCBD644D435D}.Release|Any CPU.Build.0 = Release|Any CPU
	EndGlobalSection
	GlobalSection(SolutionProperties) = preSolution
		HideSolutionNode = FALSE
	EndGlobalSection
EndGlobal
